// !$*UTF8*$!
{
	archiveVersion = 1;
	classes = {
	};
	objectVersion = 46;
	objects = {

/* Begin PBXBuildFile section */
		195CA3D71ADB9A32005EC48F /* BrowseViewController.m in Sources */ = {isa = PBXBuildFile; fileRef = 195CA3D61ADB9A32005EC48F /* BrowseViewController.m */; };
		195CA3EC1ADCF5A4005EC48F /* NotoSansCJKsc-DemiLight.otf in Resources */ = {isa = PBXBuildFile; fileRef = 195CA3E71ADCF5A4005EC48F /* NotoSansCJKsc-DemiLight.otf */; };
		195CA3ED1ADCF5A4005EC48F /* NotoSansCJKsc-Light.otf in Resources */ = {isa = PBXBuildFile; fileRef = 195CA3E81ADCF5A4005EC48F /* NotoSansCJKsc-Light.otf */; };
		195CA3EE1ADCF5A4005EC48F /* NotoSansCJKsc-Medium.otf in Resources */ = {isa = PBXBuildFile; fileRef = 195CA3E91ADCF5A4005EC48F /* NotoSansCJKsc-Medium.otf */; };
		195CA3EF1ADCF5A4005EC48F /* NotoSansCJKsc-Regular.otf in Resources */ = {isa = PBXBuildFile; fileRef = 195CA3EA1ADCF5A4005EC48F /* NotoSansCJKsc-Regular.otf */; };
		195CA3F01ADCF5A4005EC48F /* NotoSansCJKsc-Thin.otf in Resources */ = {isa = PBXBuildFile; fileRef = 195CA3EB1ADCF5A4005EC48F /* NotoSansCJKsc-Thin.otf */; };
		1963098D1ADF23B000058851 /* GUIPlayerView.m in Sources */ = {isa = PBXBuildFile; fileRef = 1963097B1ADF23B000058851 /* GUIPlayerView.m */; };
		1963098E1ADF23B000058851 /* GUISlider.m in Sources */ = {isa = PBXBuildFile; fileRef = 1963097D1ADF23B000058851 /* GUISlider.m */; };
		1963098F1ADF23B000058851 /* UIView+UpdateAutoLayoutConstraints.m in Sources */ = {isa = PBXBuildFile; fileRef = 1963097F1ADF23B000058851 /* UIView+UpdateAutoLayoutConstraints.m */; };
		196309901ADF23B000058851 /* gui_expand@1x.png in Resources */ = {isa = PBXBuildFile; fileRef = 196309811ADF23B000058851 /* gui_expand@1x.png */; };
		196309911ADF23B000058851 /* gui_expand@2x.png in Resources */ = {isa = PBXBuildFile; fileRef = 196309821ADF23B000058851 /* gui_expand@2x.png */; };
		196309921ADF23B000058851 /* gui_expand@3x.png in Resources */ = {isa = PBXBuildFile; fileRef = 196309831ADF23B000058851 /* gui_expand@3x.png */; };
		196309931ADF23B000058851 /* gui_pause@1x.png in Resources */ = {isa = PBXBuildFile; fileRef = 196309841ADF23B000058851 /* gui_pause@1x.png */; };
		196309941ADF23B000058851 /* gui_pause@2x.png in Resources */ = {isa = PBXBuildFile; fileRef = 196309851ADF23B000058851 /* gui_pause@2x.png */; };
		196309951ADF23B000058851 /* gui_pause@3x.png in Resources */ = {isa = PBXBuildFile; fileRef = 196309861ADF23B000058851 /* gui_pause@3x.png */; };
		196309961ADF23B000058851 /* gui_play@1x.png in Resources */ = {isa = PBXBuildFile; fileRef = 196309871ADF23B000058851 /* gui_play@1x.png */; };
		196309971ADF23B000058851 /* gui_play@2x.png in Resources */ = {isa = PBXBuildFile; fileRef = 196309881ADF23B000058851 /* gui_play@2x.png */; };
		196309981ADF23B000058851 /* gui_play@3x.png in Resources */ = {isa = PBXBuildFile; fileRef = 196309891ADF23B000058851 /* gui_play@3x.png */; };
		196309991ADF23B000058851 /* gui_shrink@1x.png in Resources */ = {isa = PBXBuildFile; fileRef = 1963098A1ADF23B000058851 /* gui_shrink@1x.png */; };
		1963099A1ADF23B000058851 /* gui_shrink@2x.png in Resources */ = {isa = PBXBuildFile; fileRef = 1963098B1ADF23B000058851 /* gui_shrink@2x.png */; };
		1963099B1ADF23B000058851 /* gui_shrink@3x.png in Resources */ = {isa = PBXBuildFile; fileRef = 1963098C1ADF23B000058851 /* gui_shrink@3x.png */; };
		1963099F1ADF478900058851 /* NotificationViewController.m in Sources */ = {isa = PBXBuildFile; fileRef = 1963099E1ADF478900058851 /* NotificationViewController.m */; };
		199130511AD4EA900060AE40 /* main.m in Sources */ = {isa = PBXBuildFile; fileRef = 199130501AD4EA900060AE40 /* main.m */; };
		199130541AD4EA900060AE40 /* AppDelegate.m in Sources */ = {isa = PBXBuildFile; fileRef = 199130531AD4EA900060AE40 /* AppDelegate.m */; };
		1991305A1AD4EA910060AE40 /* Main.storyboard in Resources */ = {isa = PBXBuildFile; fileRef = 199130581AD4EA910060AE40 /* Main.storyboard */; };
		1991305C1AD4EA910060AE40 /* Images.xcassets in Resources */ = {isa = PBXBuildFile; fileRef = 1991305B1AD4EA910060AE40 /* Images.xcassets */; };
		1991305F1AD4EA910060AE40 /* LaunchScreen.xib in Resources */ = {isa = PBXBuildFile; fileRef = 1991305D1AD4EA910060AE40 /* LaunchScreen.xib */; };
		815ECD061AEAD7C800E93736 /* DCAssetsContentViewController.m in Sources */ = {isa = PBXBuildFile; fileRef = 815ECCFC1AEAD7C800E93736 /* DCAssetsContentViewController.m */; };
		815ECD071AEAD7C800E93736 /* DCImagePicker.storyboard in Resources */ = {isa = PBXBuildFile; fileRef = 815ECCFD1AEAD7C800E93736 /* DCImagePicker.storyboard */; };
		815ECD081AEAD7C800E93736 /* DCImagePickerCameraCell.m in Sources */ = {isa = PBXBuildFile; fileRef = 815ECCFF1AEAD7C800E93736 /* DCImagePickerCameraCell.m */; };
		815ECD091AEAD7C800E93736 /* DCImagePickerController.m in Sources */ = {isa = PBXBuildFile; fileRef = 815ECD011AEAD7C800E93736 /* DCImagePickerController.m */; };
		815ECD0A1AEAD7C800E93736 /* DCImagePickerImageCell.m in Sources */ = {isa = PBXBuildFile; fileRef = 815ECD031AEAD7C800E93736 /* DCImagePickerImageCell.m */; };
		815ECD0B1AEAD7C800E93736 /* DCImagePickerPhotoViewController.m in Sources */ = {isa = PBXBuildFile; fileRef = 815ECD051AEAD7C800E93736 /* DCImagePickerPhotoViewController.m */; };
		81D3D4D01AE7FCC0008F3766 /* SettingViewController.m in Sources */ = {isa = PBXBuildFile; fileRef = 81D3D4CF1AE7FCC0008F3766 /* SettingViewController.m */; };
		81D3D4D41AE8056D008F3766 /* background.jpg in Resources */ = {isa = PBXBuildFile; fileRef = 81D3D4D31AE8056D008F3766 /* background.jpg */; };
		81D3D4D71AE817F0008F3766 /* ChangeNameViewController.m in Sources */ = {isa = PBXBuildFile; fileRef = 81D3D4D61AE817F0008F3766 /* ChangeNameViewController.m */; };
		81D3D4DA1AE81803008F3766 /* ChangeAccountViewController.m in Sources */ = {isa = PBXBuildFile; fileRef = 81D3D4D91AE81803008F3766 /* ChangeAccountViewController.m */; };
		81D3D4DD1AE8180E008F3766 /* ChangePasswordViewController.m in Sources */ = {isa = PBXBuildFile; fileRef = 81D3D4DC1AE8180E008F3766 /* ChangePasswordViewController.m */; };
		81D3D4E01AE830D4008F3766 /* SuggestionViewController.m in Sources */ = {isa = PBXBuildFile; fileRef = 81D3D4DF1AE830D4008F3766 /* SuggestionViewController.m */; };
		81D3D4E41AE836BF008F3766 /* TimeMechineViewController.m in Sources */ = {isa = PBXBuildFile; fileRef = 81D3D4E31AE836BF008F3766 /* TimeMechineViewController.m */; };
		81D3D4E81AE90DB4008F3766 /* FollowingViewController.m in Sources */ = {isa = PBXBuildFile; fileRef = 81D3D4E71AE90DB4008F3766 /* FollowingViewController.m */; };
		81D3D4EB1AE90DC2008F3766 /* FollowerViewController.m in Sources */ = {isa = PBXBuildFile; fileRef = 81D3D4EA1AE90DC2008F3766 /* FollowerViewController.m */; };
		81D3D4EF1AE90F6D008F3766 /* FollowingCell.m in Sources */ = {isa = PBXBuildFile; fileRef = 81D3D4EE1AE90F6D008F3766 /* FollowingCell.m */; };
		81D3D4F11AE912AA008F3766 /* FollowingCell.xib in Resources */ = {isa = PBXBuildFile; fileRef = 81D3D4F01AE912AA008F3766 /* FollowingCell.xib */; };
		81FA5B651AE39D0700073E05 /* MyTimeLineViewController.m in Sources */ = {isa = PBXBuildFile; fileRef = 81FA5B641AE39D0700073E05 /* MyTimeLineViewController.m */; };
		81FA5B6A1AE3A45300073E05 /* CALayer+StoryBoardExtention.m in Sources */ = {isa = PBXBuildFile; fileRef = 81FA5B691AE3A45300073E05 /* CALayer+StoryBoardExtention.m */; };
		81FA5B7E1AE41D6500073E05 /* OwnTimeLineCell.m in Sources */ = {isa = PBXBuildFile; fileRef = 81FA5B7C1AE41D6500073E05 /* OwnTimeLineCell.m */; };
		81FA5B7F1AE41D6500073E05 /* OwnTimeLineCell.xib in Resources */ = {isa = PBXBuildFile; fileRef = 81FA5B7D1AE41D6500073E05 /* OwnTimeLineCell.xib */; };
		81FA5B831AE41D7B00073E05 /* PublicTimeCell.m in Sources */ = {isa = PBXBuildFile; fileRef = 81FA5B811AE41D7B00073E05 /* PublicTimeCell.m */; };
		81FA5B841AE41D7B00073E05 /* PublicTimeCell.xib in Resources */ = {isa = PBXBuildFile; fileRef = 81FA5B821AE41D7B00073E05 /* PublicTimeCell.xib */; };
		B0867327DFFF06F819591260 /* libPods-TimeImprint.a in Frameworks */ = {isa = PBXBuildFile; fileRef = DEB6E933EFC2BE211799AFFC /* libPods-TimeImprint.a */; };
		B65BF4761AE6512F00F755D4 /* ArticleEditingViewController.m in Sources */ = {isa = PBXBuildFile; fileRef = B65BF4751AE6512F00F755D4 /* ArticleEditingViewController.m */; };
/* End PBXBuildFile section */

/* Begin PBXFileReference section */
		195CA3D51ADB9A32005EC48F /* BrowseViewController.h */ = {isa = PBXFileReference; fileEncoding = 4; lastKnownFileType = sourcecode.c.h; path = BrowseViewController.h; sourceTree = "<group>"; };
		195CA3D61ADB9A32005EC48F /* BrowseViewController.m */ = {isa = PBXFileReference; fileEncoding = 4; lastKnownFileType = sourcecode.c.objc; path = BrowseViewController.m; sourceTree = "<group>"; };
		195CA3E71ADCF5A4005EC48F /* NotoSansCJKsc-DemiLight.otf */ = {isa = PBXFileReference; lastKnownFileType = file; path = "NotoSansCJKsc-DemiLight.otf"; sourceTree = "<group>"; };
		195CA3E81ADCF5A4005EC48F /* NotoSansCJKsc-Light.otf */ = {isa = PBXFileReference; lastKnownFileType = file; path = "NotoSansCJKsc-Light.otf"; sourceTree = "<group>"; };
		195CA3E91ADCF5A4005EC48F /* NotoSansCJKsc-Medium.otf */ = {isa = PBXFileReference; lastKnownFileType = file; path = "NotoSansCJKsc-Medium.otf"; sourceTree = "<group>"; };
		195CA3EA1ADCF5A4005EC48F /* NotoSansCJKsc-Regular.otf */ = {isa = PBXFileReference; lastKnownFileType = file; path = "NotoSansCJKsc-Regular.otf"; sourceTree = "<group>"; };
		195CA3EB1ADCF5A4005EC48F /* NotoSansCJKsc-Thin.otf */ = {isa = PBXFileReference; lastKnownFileType = file; path = "NotoSansCJKsc-Thin.otf"; sourceTree = "<group>"; };
		1963097A1ADF23B000058851 /* GUIPlayerView.h */ = {isa = PBXFileReference; fileEncoding = 4; lastKnownFileType = sourcecode.c.h; path = GUIPlayerView.h; sourceTree = "<group>"; };
		1963097B1ADF23B000058851 /* GUIPlayerView.m */ = {isa = PBXFileReference; fileEncoding = 4; lastKnownFileType = sourcecode.c.objc; path = GUIPlayerView.m; sourceTree = "<group>"; };
		1963097C1ADF23B000058851 /* GUISlider.h */ = {isa = PBXFileReference; fileEncoding = 4; lastKnownFileType = sourcecode.c.h; path = GUISlider.h; sourceTree = "<group>"; };
		1963097D1ADF23B000058851 /* GUISlider.m */ = {isa = PBXFileReference; fileEncoding = 4; lastKnownFileType = sourcecode.c.objc; path = GUISlider.m; sourceTree = "<group>"; };
		1963097E1ADF23B000058851 /* UIView+UpdateAutoLayoutConstraints.h */ = {isa = PBXFileReference; fileEncoding = 4; lastKnownFileType = sourcecode.c.h; path = "UIView+UpdateAutoLayoutConstraints.h"; sourceTree = "<group>"; };
		1963097F1ADF23B000058851 /* UIView+UpdateAutoLayoutConstraints.m */ = {isa = PBXFileReference; fileEncoding = 4; lastKnownFileType = sourcecode.c.objc; path = "UIView+UpdateAutoLayoutConstraints.m"; sourceTree = "<group>"; };
		196309811ADF23B000058851 /* gui_expand@1x.png */ = {isa = PBXFileReference; lastKnownFileType = image.png; path = "gui_expand@1x.png"; sourceTree = "<group>"; };
		196309821ADF23B000058851 /* gui_expand@2x.png */ = {isa = PBXFileReference; lastKnownFileType = image.png; path = "gui_expand@2x.png"; sourceTree = "<group>"; };
		196309831ADF23B000058851 /* gui_expand@3x.png */ = {isa = PBXFileReference; lastKnownFileType = image.png; path = "gui_expand@3x.png"; sourceTree = "<group>"; };
		196309841ADF23B000058851 /* gui_pause@1x.png */ = {isa = PBXFileReference; lastKnownFileType = image.png; path = "gui_pause@1x.png"; sourceTree = "<group>"; };
		196309851ADF23B000058851 /* gui_pause@2x.png */ = {isa = PBXFileReference; lastKnownFileType = image.png; path = "gui_pause@2x.png"; sourceTree = "<group>"; };
		196309861ADF23B000058851 /* gui_pause@3x.png */ = {isa = PBXFileReference; lastKnownFileType = image.png; path = "gui_pause@3x.png"; sourceTree = "<group>"; };
		196309871ADF23B000058851 /* gui_play@1x.png */ = {isa = PBXFileReference; lastKnownFileType = image.png; path = "gui_play@1x.png"; sourceTree = "<group>"; };
		196309881ADF23B000058851 /* gui_play@2x.png */ = {isa = PBXFileReference; lastKnownFileType = image.png; path = "gui_play@2x.png"; sourceTree = "<group>"; };
		196309891ADF23B000058851 /* gui_play@3x.png */ = {isa = PBXFileReference; lastKnownFileType = image.png; path = "gui_play@3x.png"; sourceTree = "<group>"; };
		1963098A1ADF23B000058851 /* gui_shrink@1x.png */ = {isa = PBXFileReference; lastKnownFileType = image.png; path = "gui_shrink@1x.png"; sourceTree = "<group>"; };
		1963098B1ADF23B000058851 /* gui_shrink@2x.png */ = {isa = PBXFileReference; lastKnownFileType = image.png; path = "gui_shrink@2x.png"; sourceTree = "<group>"; };
		1963098C1ADF23B000058851 /* gui_shrink@3x.png */ = {isa = PBXFileReference; lastKnownFileType = image.png; path = "gui_shrink@3x.png"; sourceTree = "<group>"; };
		1963099D1ADF478900058851 /* NotificationViewController.h */ = {isa = PBXFileReference; fileEncoding = 4; lastKnownFileType = sourcecode.c.h; path = NotificationViewController.h; sourceTree = "<group>"; };
		1963099E1ADF478900058851 /* NotificationViewController.m */ = {isa = PBXFileReference; fileEncoding = 4; lastKnownFileType = sourcecode.c.objc; path = NotificationViewController.m; sourceTree = "<group>"; };
		1991304B1AD4EA900060AE40 /* TimeImprint.app */ = {isa = PBXFileReference; explicitFileType = wrapper.application; includeInIndex = 0; path = TimeImprint.app; sourceTree = BUILT_PRODUCTS_DIR; };
		1991304F1AD4EA900060AE40 /* Info.plist */ = {isa = PBXFileReference; lastKnownFileType = text.plist.xml; path = Info.plist; sourceTree = "<group>"; };
		199130501AD4EA900060AE40 /* main.m */ = {isa = PBXFileReference; lastKnownFileType = sourcecode.c.objc; path = main.m; sourceTree = "<group>"; };
		199130521AD4EA900060AE40 /* AppDelegate.h */ = {isa = PBXFileReference; lastKnownFileType = sourcecode.c.h; path = AppDelegate.h; sourceTree = "<group>"; };
		199130531AD4EA900060AE40 /* AppDelegate.m */ = {isa = PBXFileReference; lastKnownFileType = sourcecode.c.objc; path = AppDelegate.m; sourceTree = "<group>"; };
		199130591AD4EA910060AE40 /* Base */ = {isa = PBXFileReference; lastKnownFileType = file.storyboard; name = Base; path = Base.lproj/Main.storyboard; sourceTree = "<group>"; };
		1991305B1AD4EA910060AE40 /* Images.xcassets */ = {isa = PBXFileReference; lastKnownFileType = folder.assetcatalog; path = Images.xcassets; sourceTree = "<group>"; };
		1991305E1AD4EA910060AE40 /* Base */ = {isa = PBXFileReference; lastKnownFileType = file.xib; name = Base; path = Base.lproj/LaunchScreen.xib; sourceTree = "<group>"; };
		199130691AD4EA910060AE40 /* Info.plist */ = {isa = PBXFileReference; lastKnownFileType = text.plist.xml; path = Info.plist; sourceTree = "<group>"; };
		1991306A1AD4EA910060AE40 /* Time_ImprintTests.m */ = {isa = PBXFileReference; lastKnownFileType = sourcecode.c.objc; path = Time_ImprintTests.m; sourceTree = "<group>"; };
		388C666FA82B58266E977A8D /* Pods-TimeImprint.release.xcconfig */ = {isa = PBXFileReference; includeInIndex = 1; lastKnownFileType = text.xcconfig; name = "Pods-TimeImprint.release.xcconfig"; path = "Pods/Target Support Files/Pods-TimeImprint/Pods-TimeImprint.release.xcconfig"; sourceTree = "<group>"; };
		7864AEC4C8041D429C0F59B8 /* Pods-TimeImprint.debug.xcconfig */ = {isa = PBXFileReference; includeInIndex = 1; lastKnownFileType = text.xcconfig; name = "Pods-TimeImprint.debug.xcconfig"; path = "Pods/Target Support Files/Pods-TimeImprint/Pods-TimeImprint.debug.xcconfig"; sourceTree = "<group>"; };
		815ECCFB1AEAD7C800E93736 /* DCAssetsContentViewController.h */ = {isa = PBXFileReference; fileEncoding = 4; lastKnownFileType = sourcecode.c.h; path = DCAssetsContentViewController.h; sourceTree = "<group>"; };
		815ECCFC1AEAD7C800E93736 /* DCAssetsContentViewController.m */ = {isa = PBXFileReference; fileEncoding = 4; lastKnownFileType = sourcecode.c.objc; path = DCAssetsContentViewController.m; sourceTree = "<group>"; };
		815ECCFD1AEAD7C800E93736 /* DCImagePicker.storyboard */ = {isa = PBXFileReference; fileEncoding = 4; lastKnownFileType = file.storyboard; path = DCImagePicker.storyboard; sourceTree = "<group>"; };
		815ECCFE1AEAD7C800E93736 /* DCImagePickerCameraCell.h */ = {isa = PBXFileReference; fileEncoding = 4; lastKnownFileType = sourcecode.c.h; path = DCImagePickerCameraCell.h; sourceTree = "<group>"; };
		815ECCFF1AEAD7C800E93736 /* DCImagePickerCameraCell.m */ = {isa = PBXFileReference; fileEncoding = 4; lastKnownFileType = sourcecode.c.objc; path = DCImagePickerCameraCell.m; sourceTree = "<group>"; };
		815ECD001AEAD7C800E93736 /* DCImagePickerController.h */ = {isa = PBXFileReference; fileEncoding = 4; lastKnownFileType = sourcecode.c.h; path = DCImagePickerController.h; sourceTree = "<group>"; };
		815ECD011AEAD7C800E93736 /* DCImagePickerController.m */ = {isa = PBXFileReference; fileEncoding = 4; lastKnownFileType = sourcecode.c.objc; path = DCImagePickerController.m; sourceTree = "<group>"; };
		815ECD021AEAD7C800E93736 /* DCImagePickerImageCell.h */ = {isa = PBXFileReference; fileEncoding = 4; lastKnownFileType = sourcecode.c.h; path = DCImagePickerImageCell.h; sourceTree = "<group>"; };
		815ECD031AEAD7C800E93736 /* DCImagePickerImageCell.m */ = {isa = PBXFileReference; fileEncoding = 4; lastKnownFileType = sourcecode.c.objc; path = DCImagePickerImageCell.m; sourceTree = "<group>"; };
		815ECD041AEAD7C800E93736 /* DCImagePickerPhotoViewController.h */ = {isa = PBXFileReference; fileEncoding = 4; lastKnownFileType = sourcecode.c.h; path = DCImagePickerPhotoViewController.h; sourceTree = "<group>"; };
		815ECD051AEAD7C800E93736 /* DCImagePickerPhotoViewController.m */ = {isa = PBXFileReference; fileEncoding = 4; lastKnownFileType = sourcecode.c.objc; path = DCImagePickerPhotoViewController.m; sourceTree = "<group>"; };
		81D3D4CE1AE7FCC0008F3766 /* SettingViewController.h */ = {isa = PBXFileReference; fileEncoding = 4; lastKnownFileType = sourcecode.c.h; path = SettingViewController.h; sourceTree = "<group>"; };
		81D3D4CF1AE7FCC0008F3766 /* SettingViewController.m */ = {isa = PBXFileReference; fileEncoding = 4; lastKnownFileType = sourcecode.c.objc; path = SettingViewController.m; sourceTree = "<group>"; };
		81D3D4D31AE8056D008F3766 /* background.jpg */ = {isa = PBXFileReference; lastKnownFileType = image.jpeg; path = background.jpg; sourceTree = "<group>"; };
		81D3D4D51AE817F0008F3766 /* ChangeNameViewController.h */ = {isa = PBXFileReference; fileEncoding = 4; lastKnownFileType = sourcecode.c.h; path = ChangeNameViewController.h; sourceTree = "<group>"; };
		81D3D4D61AE817F0008F3766 /* ChangeNameViewController.m */ = {isa = PBXFileReference; fileEncoding = 4; lastKnownFileType = sourcecode.c.objc; path = ChangeNameViewController.m; sourceTree = "<group>"; };
		81D3D4D81AE81803008F3766 /* ChangeAccountViewController.h */ = {isa = PBXFileReference; fileEncoding = 4; lastKnownFileType = sourcecode.c.h; path = ChangeAccountViewController.h; sourceTree = "<group>"; };
		81D3D4D91AE81803008F3766 /* ChangeAccountViewController.m */ = {isa = PBXFileReference; fileEncoding = 4; lastKnownFileType = sourcecode.c.objc; path = ChangeAccountViewController.m; sourceTree = "<group>"; };
		81D3D4DB1AE8180E008F3766 /* ChangePasswordViewController.h */ = {isa = PBXFileReference; fileEncoding = 4; lastKnownFileType = sourcecode.c.h; path = ChangePasswordViewController.h; sourceTree = "<group>"; };
		81D3D4DC1AE8180E008F3766 /* ChangePasswordViewController.m */ = {isa = PBXFileReference; fileEncoding = 4; lastKnownFileType = sourcecode.c.objc; path = ChangePasswordViewController.m; sourceTree = "<group>"; };
		81D3D4DE1AE830D4008F3766 /* SuggestionViewController.h */ = {isa = PBXFileReference; fileEncoding = 4; lastKnownFileType = sourcecode.c.h; path = SuggestionViewController.h; sourceTree = "<group>"; };
		81D3D4DF1AE830D4008F3766 /* SuggestionViewController.m */ = {isa = PBXFileReference; fileEncoding = 4; lastKnownFileType = sourcecode.c.objc; path = SuggestionViewController.m; sourceTree = "<group>"; };
		81D3D4E21AE836BF008F3766 /* TimeMechineViewController.h */ = {isa = PBXFileReference; fileEncoding = 4; lastKnownFileType = sourcecode.c.h; path = TimeMechineViewController.h; sourceTree = "<group>"; };
		81D3D4E31AE836BF008F3766 /* TimeMechineViewController.m */ = {isa = PBXFileReference; fileEncoding = 4; lastKnownFileType = sourcecode.c.objc; path = TimeMechineViewController.m; sourceTree = "<group>"; };
		81D3D4E61AE90DB4008F3766 /* FollowingViewController.h */ = {isa = PBXFileReference; fileEncoding = 4; lastKnownFileType = sourcecode.c.h; path = FollowingViewController.h; sourceTree = "<group>"; };
		81D3D4E71AE90DB4008F3766 /* FollowingViewController.m */ = {isa = PBXFileReference; fileEncoding = 4; lastKnownFileType = sourcecode.c.objc; path = FollowingViewController.m; sourceTree = "<group>"; };
		81D3D4E91AE90DC2008F3766 /* FollowerViewController.h */ = {isa = PBXFileReference; fileEncoding = 4; lastKnownFileType = sourcecode.c.h; path = FollowerViewController.h; sourceTree = "<group>"; };
		81D3D4EA1AE90DC2008F3766 /* FollowerViewController.m */ = {isa = PBXFileReference; fileEncoding = 4; lastKnownFileType = sourcecode.c.objc; path = FollowerViewController.m; sourceTree = "<group>"; };
		81D3D4ED1AE90F6D008F3766 /* FollowingCell.h */ = {isa = PBXFileReference; fileEncoding = 4; lastKnownFileType = sourcecode.c.h; path = FollowingCell.h; sourceTree = "<group>"; };
		81D3D4EE1AE90F6D008F3766 /* FollowingCell.m */ = {isa = PBXFileReference; fileEncoding = 4; lastKnownFileType = sourcecode.c.objc; path = FollowingCell.m; sourceTree = "<group>"; };
		81D3D4F01AE912AA008F3766 /* FollowingCell.xib */ = {isa = PBXFileReference; fileEncoding = 4; lastKnownFileType = file.xib; path = FollowingCell.xib; sourceTree = "<group>"; };
		81FA5B631AE39D0700073E05 /* MyTimeLineViewController.h */ = {isa = PBXFileReference; fileEncoding = 4; lastKnownFileType = sourcecode.c.h; path = MyTimeLineViewController.h; sourceTree = "<group>"; };
		81FA5B641AE39D0700073E05 /* MyTimeLineViewController.m */ = {isa = PBXFileReference; fileEncoding = 4; lastKnownFileType = sourcecode.c.objc; path = MyTimeLineViewController.m; sourceTree = "<group>"; };
		81FA5B681AE3A45300073E05 /* CALayer+StoryBoardExtention.h */ = {isa = PBXFileReference; fileEncoding = 4; lastKnownFileType = sourcecode.c.h; path = "CALayer+StoryBoardExtention.h"; sourceTree = "<group>"; };
		81FA5B691AE3A45300073E05 /* CALayer+StoryBoardExtention.m */ = {isa = PBXFileReference; fileEncoding = 4; lastKnownFileType = sourcecode.c.objc; path = "CALayer+StoryBoardExtention.m"; sourceTree = "<group>"; };
		81FA5B7B1AE41D6500073E05 /* OwnTimeLineCell.h */ = {isa = PBXFileReference; fileEncoding = 4; lastKnownFileType = sourcecode.c.h; path = OwnTimeLineCell.h; sourceTree = "<group>"; };
		81FA5B7C1AE41D6500073E05 /* OwnTimeLineCell.m */ = {isa = PBXFileReference; fileEncoding = 4; lastKnownFileType = sourcecode.c.objc; path = OwnTimeLineCell.m; sourceTree = "<group>"; };
		81FA5B7D1AE41D6500073E05 /* OwnTimeLineCell.xib */ = {isa = PBXFileReference; fileEncoding = 4; lastKnownFileType = file.xib; path = OwnTimeLineCell.xib; sourceTree = "<group>"; };
		81FA5B801AE41D7B00073E05 /* PublicTimeCell.h */ = {isa = PBXFileReference; fileEncoding = 4; lastKnownFileType = sourcecode.c.h; path = PublicTimeCell.h; sourceTree = "<group>"; };
		81FA5B811AE41D7B00073E05 /* PublicTimeCell.m */ = {isa = PBXFileReference; fileEncoding = 4; lastKnownFileType = sourcecode.c.objc; path = PublicTimeCell.m; sourceTree = "<group>"; };
		81FA5B821AE41D7B00073E05 /* PublicTimeCell.xib */ = {isa = PBXFileReference; fileEncoding = 4; lastKnownFileType = file.xib; path = PublicTimeCell.xib; sourceTree = "<group>"; };
		B65BF4741AE6512F00F755D4 /* ArticleEditingViewController.h */ = {isa = PBXFileReference; fileEncoding = 4; lastKnownFileType = sourcecode.c.h; path = ArticleEditingViewController.h; sourceTree = "<group>"; };
		B65BF4751AE6512F00F755D4 /* ArticleEditingViewController.m */ = {isa = PBXFileReference; fileEncoding = 4; lastKnownFileType = sourcecode.c.objc; path = ArticleEditingViewController.m; sourceTree = "<group>"; };
		DEB6E933EFC2BE211799AFFC /* libPods-TimeImprint.a */ = {isa = PBXFileReference; explicitFileType = archive.ar; includeInIndex = 0; path = "libPods-TimeImprint.a"; sourceTree = BUILT_PRODUCTS_DIR; };
/* End PBXFileReference section */

/* Begin PBXFrameworksBuildPhase section */
		199130481AD4EA900060AE40 /* Frameworks */ = {
			isa = PBXFrameworksBuildPhase;
			buildActionMask = 2147483647;
			files = (
				B0867327DFFF06F819591260 /* libPods-TimeImprint.a in Frameworks */,
			);
			runOnlyForDeploymentPostprocessing = 0;
		};
/* End PBXFrameworksBuildPhase section */

/* Begin PBXGroup section */
		195CA3F11ADCF5B0005EC48F /* Font */ = {
			isa = PBXGroup;
			children = (
				195CA3E71ADCF5A4005EC48F /* NotoSansCJKsc-DemiLight.otf */,
				195CA3E81ADCF5A4005EC48F /* NotoSansCJKsc-Light.otf */,
				195CA3E91ADCF5A4005EC48F /* NotoSansCJKsc-Medium.otf */,
				195CA3EA1ADCF5A4005EC48F /* NotoSansCJKsc-Regular.otf */,
				195CA3EB1ADCF5A4005EC48F /* NotoSansCJKsc-Thin.otf */,
			);
			name = Font;
			sourceTree = "<group>";
		};
		196309781ADF137500058851 /* Browse */ = {
			isa = PBXGroup;
			children = (
				195CA3D51ADB9A32005EC48F /* BrowseViewController.h */,
				195CA3D61ADB9A32005EC48F /* BrowseViewController.m */,
				1963099D1ADF478900058851 /* NotificationViewController.h */,
				1963099E1ADF478900058851 /* NotificationViewController.m */,
			);
			name = Browse;
			sourceTree = "<group>";
		};
		196309791ADF23B000058851 /* Classes */ = {
			isa = PBXGroup;
			children = (
				1963097A1ADF23B000058851 /* GUIPlayerView.h */,
				1963097B1ADF23B000058851 /* GUIPlayerView.m */,
				1963097C1ADF23B000058851 /* GUISlider.h */,
				1963097D1ADF23B000058851 /* GUISlider.m */,
				1963097E1ADF23B000058851 /* UIView+UpdateAutoLayoutConstraints.h */,
				1963097F1ADF23B000058851 /* UIView+UpdateAutoLayoutConstraints.m */,
			);
			path = Classes;
			sourceTree = "<group>";
		};
		196309801ADF23B000058851 /* Resources */ = {
			isa = PBXGroup;
			children = (
				196309811ADF23B000058851 /* gui_expand@1x.png */,
				196309821ADF23B000058851 /* gui_expand@2x.png */,
				196309831ADF23B000058851 /* gui_expand@3x.png */,
				196309841ADF23B000058851 /* gui_pause@1x.png */,
				196309851ADF23B000058851 /* gui_pause@2x.png */,
				196309861ADF23B000058851 /* gui_pause@3x.png */,
				196309871ADF23B000058851 /* gui_play@1x.png */,
				196309881ADF23B000058851 /* gui_play@2x.png */,
				196309891ADF23B000058851 /* gui_play@3x.png */,
				1963098A1ADF23B000058851 /* gui_shrink@1x.png */,
				1963098B1ADF23B000058851 /* gui_shrink@2x.png */,
				1963098C1ADF23B000058851 /* gui_shrink@3x.png */,
			);
			path = Resources;
			sourceTree = "<group>";
		};
		1963099C1ADF23B600058851 /* VideoPlayer */ = {
			isa = PBXGroup;
			children = (
				196309791ADF23B000058851 /* Classes */,
				196309801ADF23B000058851 /* Resources */,
			);
			name = VideoPlayer;
			path = ..;
			sourceTree = "<group>";
		};
		199130421AD4EA900060AE40 = {
			isa = PBXGroup;
			children = (
				195CA3F11ADCF5B0005EC48F /* Font */,
				1991304D1AD4EA900060AE40 /* TimeImprint */,
				199130671AD4EA910060AE40 /* TimeImprintTests */,
				1991304C1AD4EA900060AE40 /* Products */,
				C44B8FB8DA9D80BB8F0E09DF /* Pods */,
				A4A3963AD32A604833C4E8DF /* Frameworks */,
			);
			sourceTree = "<group>";
		};
		1991304C1AD4EA900060AE40 /* Products */ = {
			isa = PBXGroup;
			children = (
				1991304B1AD4EA900060AE40 /* TimeImprint.app */,
			);
			name = Products;
			sourceTree = "<group>";
		};
		1991304D1AD4EA900060AE40 /* TimeImprint */ = {
			isa = PBXGroup;
			children = (
				815ECCFA1AEAD7B900E93736 /* DCImagePicker */,
				81D3D4E51AE90D9E008F3766 /* Following */,
				81D3D4E11AE83690008F3766 /* Time Mechine */,
				81D3D4CD1AE7FCA5008F3766 /* Setting */,
				81D3D4CC1AE7FA40008F3766 /* Catagory */,
				1963099C1ADF23B600058851 /* VideoPlayer */,
				199130521AD4EA900060AE40 /* AppDelegate.h */,
				199130531AD4EA900060AE40 /* AppDelegate.m */,
				199130581AD4EA910060AE40 /* Main.storyboard */,
				81FA5B6D1AE4160600073E05 /* MyTimeLine */,
				196309781ADF137500058851 /* Browse */,
				1991305B1AD4EA910060AE40 /* Images.xcassets */,
				1991305D1AD4EA910060AE40 /* LaunchScreen.xib */,
				1991304E1AD4EA900060AE40 /* Supporting Files */,
			);
			path = TimeImprint;
			sourceTree = "<group>";
		};
		1991304E1AD4EA900060AE40 /* Supporting Files */ = {
			isa = PBXGroup;
			children = (
				1991304F1AD4EA900060AE40 /* Info.plist */,
				199130501AD4EA900060AE40 /* main.m */,
			);
			name = "Supporting Files";
			sourceTree = "<group>";
		};
		199130671AD4EA910060AE40 /* TimeImprintTests */ = {
			isa = PBXGroup;
			children = (
				1991306A1AD4EA910060AE40 /* Time_ImprintTests.m */,
				199130681AD4EA910060AE40 /* Supporting Files */,
			);
			path = TimeImprintTests;
			sourceTree = "<group>";
		};
		199130681AD4EA910060AE40 /* Supporting Files */ = {
			isa = PBXGroup;
			children = (
				199130691AD4EA910060AE40 /* Info.plist */,
			);
			name = "Supporting Files";
			sourceTree = "<group>";
		};
		815ECCFA1AEAD7B900E93736 /* DCImagePicker */ = {
			isa = PBXGroup;
			children = (
				815ECCFB1AEAD7C800E93736 /* DCAssetsContentViewController.h */,
				815ECCFC1AEAD7C800E93736 /* DCAssetsContentViewController.m */,
				815ECCFD1AEAD7C800E93736 /* DCImagePicker.storyboard */,
				815ECCFE1AEAD7C800E93736 /* DCImagePickerCameraCell.h */,
				815ECCFF1AEAD7C800E93736 /* DCImagePickerCameraCell.m */,
				815ECD001AEAD7C800E93736 /* DCImagePickerController.h */,
				815ECD011AEAD7C800E93736 /* DCImagePickerController.m */,
				815ECD021AEAD7C800E93736 /* DCImagePickerImageCell.h */,
				815ECD031AEAD7C800E93736 /* DCImagePickerImageCell.m */,
				815ECD041AEAD7C800E93736 /* DCImagePickerPhotoViewController.h */,
				815ECD051AEAD7C800E93736 /* DCImagePickerPhotoViewController.m */,
			);
			name = DCImagePicker;
			sourceTree = "<group>";
		};
		81D3D4CC1AE7FA40008F3766 /* Catagory */ = {
			isa = PBXGroup;
			children = (
				81FA5B681AE3A45300073E05 /* CALayer+StoryBoardExtention.h */,
				81FA5B691AE3A45300073E05 /* CALayer+StoryBoardExtention.m */,
			);
			name = Catagory;
			sourceTree = "<group>";
		};
		81D3D4CD1AE7FCA5008F3766 /* Setting */ = {
			isa = PBXGroup;
			children = (
				81D3D4CE1AE7FCC0008F3766 /* SettingViewController.h */,
				81D3D4CF1AE7FCC0008F3766 /* SettingViewController.m */,
				81D3D4D51AE817F0008F3766 /* ChangeNameViewController.h */,
				81D3D4D61AE817F0008F3766 /* ChangeNameViewController.m */,
				81D3D4D81AE81803008F3766 /* ChangeAccountViewController.h */,
				81D3D4D91AE81803008F3766 /* ChangeAccountViewController.m */,
				81D3D4DB1AE8180E008F3766 /* ChangePasswordViewController.h */,
				81D3D4DC1AE8180E008F3766 /* ChangePasswordViewController.m */,
				81D3D4DE1AE830D4008F3766 /* SuggestionViewController.h */,
				81D3D4DF1AE830D4008F3766 /* SuggestionViewController.m */,
			);
			name = Setting;
			sourceTree = "<group>";
		};
		81D3D4E11AE83690008F3766 /* Time Mechine */ = {
			isa = PBXGroup;
			children = (
				81D3D4E21AE836BF008F3766 /* TimeMechineViewController.h */,
				81D3D4E31AE836BF008F3766 /* TimeMechineViewController.m */,
			);
			name = "Time Mechine";
			sourceTree = "<group>";
		};
		81D3D4E51AE90D9E008F3766 /* Following */ = {
			isa = PBXGroup;
			children = (
				81D3D4EC1AE90F48008F3766 /* Cell */,
				81D3D4E61AE90DB4008F3766 /* FollowingViewController.h */,
				81D3D4E71AE90DB4008F3766 /* FollowingViewController.m */,
				81D3D4E91AE90DC2008F3766 /* FollowerViewController.h */,
				81D3D4EA1AE90DC2008F3766 /* FollowerViewController.m */,
			);
			name = Following;
			sourceTree = "<group>";
		};
		81D3D4EC1AE90F48008F3766 /* Cell */ = {
			isa = PBXGroup;
			children = (
				81D3D4ED1AE90F6D008F3766 /* FollowingCell.h */,
				81D3D4EE1AE90F6D008F3766 /* FollowingCell.m */,
				81D3D4F01AE912AA008F3766 /* FollowingCell.xib */,
			);
			name = Cell;
			sourceTree = "<group>";
		};
		81FA5B6D1AE4160600073E05 /* MyTimeLine */ = {
			isa = PBXGroup;
			children = (
				81D3D4D31AE8056D008F3766 /* background.jpg */,
				81FA5B631AE39D0700073E05 /* MyTimeLineViewController.h */,
				81FA5B641AE39D0700073E05 /* MyTimeLineViewController.m */,
				81FA5B7A1AE416CB00073E05 /* Cells */,
				B65BF4741AE6512F00F755D4 /* ArticleEditingViewController.h */,
				B65BF4751AE6512F00F755D4 /* ArticleEditingViewController.m */,
			);
			name = MyTimeLine;
			sourceTree = "<group>";
		};
		81FA5B7A1AE416CB00073E05 /* Cells */ = {
			isa = PBXGroup;
			children = (
				81FA5B7B1AE41D6500073E05 /* OwnTimeLineCell.h */,
				81FA5B7C1AE41D6500073E05 /* OwnTimeLineCell.m */,
				81FA5B7D1AE41D6500073E05 /* OwnTimeLineCell.xib */,
				81FA5B801AE41D7B00073E05 /* PublicTimeCell.h */,
				81FA5B811AE41D7B00073E05 /* PublicTimeCell.m */,
				81FA5B821AE41D7B00073E05 /* PublicTimeCell.xib */,
			);
			name = Cells;
			sourceTree = "<group>";
		};
		A4A3963AD32A604833C4E8DF /* Frameworks */ = {
			isa = PBXGroup;
			children = (
				DEB6E933EFC2BE211799AFFC /* libPods-TimeImprint.a */,
			);
			name = Frameworks;
			sourceTree = "<group>";
		};
		C44B8FB8DA9D80BB8F0E09DF /* Pods */ = {
			isa = PBXGroup;
			children = (
				7864AEC4C8041D429C0F59B8 /* Pods-TimeImprint.debug.xcconfig */,
				388C666FA82B58266E977A8D /* Pods-TimeImprint.release.xcconfig */,
			);
			name = Pods;
			sourceTree = "<group>";
		};
/* End PBXGroup section */

/* Begin PBXNativeTarget section */
		1991304A1AD4EA900060AE40 /* TimeImprint */ = {
			isa = PBXNativeTarget;
			buildConfigurationList = 1991306E1AD4EA910060AE40 /* Build configuration list for PBXNativeTarget "TimeImprint" */;
			buildPhases = (
				0CB3C14B45D8BDE0D6C4FEA2 /* Check Pods Manifest.lock */,
				199130471AD4EA900060AE40 /* Sources */,
				199130481AD4EA900060AE40 /* Frameworks */,
				199130491AD4EA900060AE40 /* Resources */,
				E1766077C0CB576C915449E3 /* Copy Pods Resources */,
			);
			buildRules = (
			);
			dependencies = (
			);
			name = TimeImprint;
			productName = "Time Imprint";
			productReference = 1991304B1AD4EA900060AE40 /* TimeImprint.app */;
			productType = "com.apple.product-type.application";
		};
/* End PBXNativeTarget section */

/* Begin PBXProject section */
		199130431AD4EA900060AE40 /* Project object */ = {
			isa = PBXProject;
			attributes = {
				LastUpgradeCheck = 0620;
				ORGANIZATIONNAME = Timeimprint;
				TargetAttributes = {
					1991304A1AD4EA900060AE40 = {
						CreatedOnToolsVersion = 6.2;
						DevelopmentTeam = 5A88JF7M74;
					};
				};
			};
			buildConfigurationList = 199130461AD4EA900060AE40 /* Build configuration list for PBXProject "TimeImprint" */;
			compatibilityVersion = "Xcode 3.2";
			developmentRegion = English;
			hasScannedForEncodings = 0;
			knownRegions = (
				en,
				Base,
			);
			mainGroup = 199130421AD4EA900060AE40;
			productRefGroup = 1991304C1AD4EA900060AE40 /* Products */;
			projectDirPath = "";
			projectRoot = "";
			targets = (
				1991304A1AD4EA900060AE40 /* TimeImprint */,
			);
		};
/* End PBXProject section */

/* Begin PBXResourcesBuildPhase section */
		199130491AD4EA900060AE40 /* Resources */ = {
			isa = PBXResourcesBuildPhase;
			buildActionMask = 2147483647;
			files = (
				195CA3F01ADCF5A4005EC48F /* NotoSansCJKsc-Thin.otf in Resources */,
				196309901ADF23B000058851 /* gui_expand@1x.png in Resources */,
				196309991ADF23B000058851 /* gui_shrink@1x.png in Resources */,
				81D3D4F11AE912AA008F3766 /* FollowingCell.xib in Resources */,
				196309931ADF23B000058851 /* gui_pause@1x.png in Resources */,
				81FA5B7F1AE41D6500073E05 /* OwnTimeLineCell.xib in Resources */,
				196309981ADF23B000058851 /* gui_play@3x.png in Resources */,
				1991305A1AD4EA910060AE40 /* Main.storyboard in Resources */,
				195CA3EC1ADCF5A4005EC48F /* NotoSansCJKsc-DemiLight.otf in Resources */,
				81FA5B841AE41D7B00073E05 /* PublicTimeCell.xib in Resources */,
				196309911ADF23B000058851 /* gui_expand@2x.png in Resources */,
				196309971ADF23B000058851 /* gui_play@2x.png in Resources */,
				1991305F1AD4EA910060AE40 /* LaunchScreen.xib in Resources */,
				81D3D4D41AE8056D008F3766 /* background.jpg in Resources */,
				196309921ADF23B000058851 /* gui_expand@3x.png in Resources */,
				195CA3ED1ADCF5A4005EC48F /* NotoSansCJKsc-Light.otf in Resources */,
				195CA3EE1ADCF5A4005EC48F /* NotoSansCJKsc-Medium.otf in Resources */,
				196309951ADF23B000058851 /* gui_pause@3x.png in Resources */,
				1991305C1AD4EA910060AE40 /* Images.xcassets in Resources */,
				195CA3EF1ADCF5A4005EC48F /* NotoSansCJKsc-Regular.otf in Resources */,
				1963099A1ADF23B000058851 /* gui_shrink@2x.png in Resources */,
				196309941ADF23B000058851 /* gui_pause@2x.png in Resources */,
				815ECD071AEAD7C800E93736 /* DCImagePicker.storyboard in Resources */,
				1963099B1ADF23B000058851 /* gui_shrink@3x.png in Resources */,
				196309961ADF23B000058851 /* gui_play@1x.png in Resources */,
			);
			runOnlyForDeploymentPostprocessing = 0;
		};
/* End PBXResourcesBuildPhase section */

/* Begin PBXShellScriptBuildPhase section */
		0CB3C14B45D8BDE0D6C4FEA2 /* Check Pods Manifest.lock */ = {
			isa = PBXShellScriptBuildPhase;
			buildActionMask = 2147483647;
			files = (
			);
			inputPaths = (
			);
			name = "Check Pods Manifest.lock";
			outputPaths = (
			);
			runOnlyForDeploymentPostprocessing = 0;
			shellPath = /bin/sh;
			shellScript = "diff \"${PODS_ROOT}/../Podfile.lock\" \"${PODS_ROOT}/Manifest.lock\" > /dev/null\nif [[ $? != 0 ]] ; then\n    cat << EOM\nerror: The sandbox is not in sync with the Podfile.lock. Run 'pod install' or update your CocoaPods installation.\nEOM\n    exit 1\nfi\n";
			showEnvVarsInLog = 0;
		};
		E1766077C0CB576C915449E3 /* Copy Pods Resources */ = {
			isa = PBXShellScriptBuildPhase;
			buildActionMask = 2147483647;
			files = (
			);
			inputPaths = (
			);
			name = "Copy Pods Resources";
			outputPaths = (
			);
			runOnlyForDeploymentPostprocessing = 0;
			shellPath = /bin/sh;
			shellScript = "\"${SRCROOT}/Pods/Target Support Files/Pods-TimeImprint/Pods-TimeImprint-resources.sh\"\n";
			showEnvVarsInLog = 0;
		};
/* End PBXShellScriptBuildPhase section */

/* Begin PBXSourcesBuildPhase section */
		199130471AD4EA900060AE40 /* Sources */ = {
			isa = PBXSourcesBuildPhase;
			buildActionMask = 2147483647;
			files = (
				815ECD091AEAD7C800E93736 /* DCImagePickerController.m in Sources */,
				1963098E1ADF23B000058851 /* GUISlider.m in Sources */,
				815ECD0B1AEAD7C800E93736 /* DCImagePickerPhotoViewController.m in Sources */,
				81D3D4DD1AE8180E008F3766 /* ChangePasswordViewController.m in Sources */,
				81FA5B651AE39D0700073E05 /* MyTimeLineViewController.m in Sources */,
				81D3D4D01AE7FCC0008F3766 /* SettingViewController.m in Sources */,
				81D3D4EB1AE90DC2008F3766 /* FollowerViewController.m in Sources */,
				81D3D4E81AE90DB4008F3766 /* FollowingViewController.m in Sources */,
				1963098D1ADF23B000058851 /* GUIPlayerView.m in Sources */,
				81FA5B831AE41D7B00073E05 /* PublicTimeCell.m in Sources */,
				815ECD081AEAD7C800E93736 /* DCImagePickerCameraCell.m in Sources */,
				B65BF4761AE6512F00F755D4 /* ArticleEditingViewController.m in Sources */,
				81D3D4E41AE836BF008F3766 /* TimeMechineViewController.m in Sources */,
				199130541AD4EA900060AE40 /* AppDelegate.m in Sources */,
				81D3D4D71AE817F0008F3766 /* ChangeNameViewController.m in Sources */,
				81FA5B6A1AE3A45300073E05 /* CALayer+StoryBoardExtention.m in Sources */,
				815ECD0A1AEAD7C800E93736 /* DCImagePickerImageCell.m in Sources */,
				195CA3D71ADB9A32005EC48F /* BrowseViewController.m in Sources */,
				815ECD061AEAD7C800E93736 /* DCAssetsContentViewController.m in Sources */,
				199130511AD4EA900060AE40 /* main.m in Sources */,
				81FA5B7E1AE41D6500073E05 /* OwnTimeLineCell.m in Sources */,
				1963099F1ADF478900058851 /* NotificationViewController.m in Sources */,
				1963098F1ADF23B000058851 /* UIView+UpdateAutoLayoutConstraints.m in Sources */,
				81D3D4E01AE830D4008F3766 /* SuggestionViewController.m in Sources */,
				81D3D4EF1AE90F6D008F3766 /* FollowingCell.m in Sources */,
				81D3D4DA1AE81803008F3766 /* ChangeAccountViewController.m in Sources */,
			);
			runOnlyForDeploymentPostprocessing = 0;
		};
/* End PBXSourcesBuildPhase section */

/* Begin PBXVariantGroup section */
		199130581AD4EA910060AE40 /* Main.storyboard */ = {
			isa = PBXVariantGroup;
			children = (
				199130591AD4EA910060AE40 /* Base */,
			);
			name = Main.storyboard;
			sourceTree = "<group>";
		};
		1991305D1AD4EA910060AE40 /* LaunchScreen.xib */ = {
			isa = PBXVariantGroup;
			children = (
				1991305E1AD4EA910060AE40 /* Base */,
			);
			name = LaunchScreen.xib;
			sourceTree = "<group>";
		};
/* End PBXVariantGroup section */

/* Begin XCBuildConfiguration section */
		1991306C1AD4EA910060AE40 /* Debug */ = {
			isa = XCBuildConfiguration;
			buildSettings = {
				ALWAYS_SEARCH_USER_PATHS = NO;
				CLANG_CXX_LANGUAGE_STANDARD = "gnu++0x";
				CLANG_CXX_LIBRARY = "libc++";
				CLANG_ENABLE_MODULES = YES;
				CLANG_ENABLE_OBJC_ARC = YES;
				CLANG_WARN_BOOL_CONVERSION = YES;
				CLANG_WARN_CONSTANT_CONVERSION = YES;
				CLANG_WARN_DIRECT_OBJC_ISA_USAGE = YES_ERROR;
				CLANG_WARN_EMPTY_BODY = YES;
				CLANG_WARN_ENUM_CONVERSION = YES;
				CLANG_WARN_INT_CONVERSION = YES;
				CLANG_WARN_OBJC_ROOT_CLASS = YES_ERROR;
				CLANG_WARN_UNREACHABLE_CODE = YES;
				CLANG_WARN__DUPLICATE_METHOD_MATCH = YES;
				"CODE_SIGN_IDENTITY[sdk=iphoneos*]" = "iPhone Developer";
				COPY_PHASE_STRIP = NO;
				ENABLE_STRICT_OBJC_MSGSEND = YES;
				GCC_C_LANGUAGE_STANDARD = gnu99;
				GCC_DYNAMIC_NO_PIC = NO;
				GCC_OPTIMIZATION_LEVEL = 0;
				GCC_PREPROCESSOR_DEFINITIONS = (
					"DEBUG=1",
					"$(inherited)",
				);
				GCC_SYMBOLS_PRIVATE_EXTERN = NO;
				GCC_WARN_64_TO_32_BIT_CONVERSION = YES;
				GCC_WARN_ABOUT_RETURN_TYPE = YES_ERROR;
				GCC_WARN_UNDECLARED_SELECTOR = YES;
				GCC_WARN_UNINITIALIZED_AUTOS = YES_AGGRESSIVE;
				GCC_WARN_UNUSED_FUNCTION = YES;
				GCC_WARN_UNUSED_VARIABLE = YES;
				IPHONEOS_DEPLOYMENT_TARGET = 8.2;
				MTL_ENABLE_DEBUG_INFO = YES;
				ONLY_ACTIVE_ARCH = YES;
				SDKROOT = iphoneos;
			};
			name = Debug;
		};
		1991306D1AD4EA910060AE40 /* Release */ = {
			isa = XCBuildConfiguration;
			buildSettings = {
				ALWAYS_SEARCH_USER_PATHS = NO;
				CLANG_CXX_LANGUAGE_STANDARD = "gnu++0x";
				CLANG_CXX_LIBRARY = "libc++";
				CLANG_ENABLE_MODULES = YES;
				CLANG_ENABLE_OBJC_ARC = YES;
				CLANG_WARN_BOOL_CONVERSION = YES;
				CLANG_WARN_CONSTANT_CONVERSION = YES;
				CLANG_WARN_DIRECT_OBJC_ISA_USAGE = YES_ERROR;
				CLANG_WARN_EMPTY_BODY = YES;
				CLANG_WARN_ENUM_CONVERSION = YES;
				CLANG_WARN_INT_CONVERSION = YES;
				CLANG_WARN_OBJC_ROOT_CLASS = YES_ERROR;
				CLANG_WARN_UNREACHABLE_CODE = YES;
				CLANG_WARN__DUPLICATE_METHOD_MATCH = YES;
				"CODE_SIGN_IDENTITY[sdk=iphoneos*]" = "iPhone Developer";
				COPY_PHASE_STRIP = NO;
				ENABLE_NS_ASSERTIONS = NO;
				ENABLE_STRICT_OBJC_MSGSEND = YES;
				GCC_C_LANGUAGE_STANDARD = gnu99;
				GCC_WARN_64_TO_32_BIT_CONVERSION = YES;
				GCC_WARN_ABOUT_RETURN_TYPE = YES_ERROR;
				GCC_WARN_UNDECLARED_SELECTOR = YES;
				GCC_WARN_UNINITIALIZED_AUTOS = YES_AGGRESSIVE;
				GCC_WARN_UNUSED_FUNCTION = YES;
				GCC_WARN_UNUSED_VARIABLE = YES;
				IPHONEOS_DEPLOYMENT_TARGET = 8.2;
				MTL_ENABLE_DEBUG_INFO = NO;
				SDKROOT = iphoneos;
				VALIDATE_PRODUCT = YES;
			};
			name = Release;
		};
		1991306F1AD4EA910060AE40 /* Debug */ = {
			isa = XCBuildConfiguration;
			baseConfigurationReference = 7864AEC4C8041D429C0F59B8 /* Pods-TimeImprint.debug.xcconfig */;
			buildSettings = {
				ASSETCATALOG_COMPILER_APPICON_NAME = AppIcon;
				CODE_SIGN_IDENTITY = "iPhone Developer";
				"CODE_SIGN_IDENTITY[sdk=iphoneos*]" = "iPhone Developer";
				INFOPLIST_FILE = "$(SRCROOT)/TimeImprint/Info.plist";
				IPHONEOS_DEPLOYMENT_TARGET = 8.0;
				LD_RUNPATH_SEARCH_PATHS = "$(inherited) @executable_path/Frameworks";
				PRODUCT_NAME = TimeImprint;
				PROVISIONING_PROFILE = "";
			};
			name = Debug;
		};
		199130701AD4EA910060AE40 /* Release */ = {
			isa = XCBuildConfiguration;
			baseConfigurationReference = 388C666FA82B58266E977A8D /* Pods-TimeImprint.release.xcconfig */;
			buildSettings = {
				ASSETCATALOG_COMPILER_APPICON_NAME = AppIcon;
				CODE_SIGN_IDENTITY = "iPhone Developer";
				"CODE_SIGN_IDENTITY[sdk=iphoneos*]" = "iPhone Developer";
				INFOPLIST_FILE = "$(SRCROOT)/TimeImprint/Info.plist";
				IPHONEOS_DEPLOYMENT_TARGET = 8.0;
				LD_RUNPATH_SEARCH_PATHS = "$(inherited) @executable_path/Frameworks";
				PRODUCT_NAME = TimeImprint;
				PROVISIONING_PROFILE = "";
			};
			name = Release;
		};
/* End XCBuildConfiguration section */

/* Begin XCConfigurationList section */
		199130461AD4EA900060AE40 /* Build configuration list for PBXProject "TimeImprint" */ = {
			isa = XCConfigurationList;
			buildConfigurations = (
				1991306C1AD4EA910060AE40 /* Debug */,
				1991306D1AD4EA910060AE40 /* Release */,
			);
			defaultConfigurationIsVisible = 0;
			defaultConfigurationName = Release;
		};
		1991306E1AD4EA910060AE40 /* Build configuration list for PBXNativeTarget "TimeImprint" */ = {
			isa = XCConfigurationList;
			buildConfigurations = (
				1991306F1AD4EA910060AE40 /* Debug */,
				199130701AD4EA910060AE40 /* Release */,
			);
			defaultConfigurationIsVisible = 0;
			defaultConfigurationName = Release;
		};
/* End XCConfigurationList section */
	};
	rootObject = 199130431AD4EA900060AE40 /* Project object */;
}
